// !$*UTF8*$!
{
	archiveVersion = 1;
	classes = {
	};
	objectVersion = 55;
	objects = {

/* Begin PBXBuildFile section */
		8CD0B570225737EB037F5412 /* Pods_LittlePink.framework in Frameworks */ = {isa = PBXBuildFile; fileRef = B0EEFCA19980574F82880E49 /* Pods_LittlePink.framework */; };
		C1511DE5284086CF00ED985F /* AppDelegate.swift in Sources */ = {isa = PBXBuildFile; fileRef = C1511DE4284086CF00ED985F /* AppDelegate.swift */; };
		C1511DE7284086CF00ED985F /* SceneDelegate.swift in Sources */ = {isa = PBXBuildFile; fileRef = C1511DE6284086CF00ED985F /* SceneDelegate.swift */; };
		C1511DEC284086CF00ED985F /* Main.storyboard in Resources */ = {isa = PBXBuildFile; fileRef = C1511DEA284086CF00ED985F /* Main.storyboard */; };
		C1511DEF284086CF00ED985F /* LittlePink.xcdatamodeld in Sources */ = {isa = PBXBuildFile; fileRef = C1511DED284086CF00ED985F /* LittlePink.xcdatamodeld */; };
		C1511DF1284086D000ED985F /* Assets.xcassets in Resources */ = {isa = PBXBuildFile; fileRef = C1511DF0284086D000ED985F /* Assets.xcassets */; };
		C1511DF4284086D000ED985F /* LaunchScreen.storyboard in Resources */ = {isa = PBXBuildFile; fileRef = C1511DF2284086D000ED985F /* LaunchScreen.storyboard */; };
		C1EF95A72841C87800F22146 /* HomeVC.swift in Sources */ = {isa = PBXBuildFile; fileRef = C1EF95A62841C87800F22146 /* HomeVC.swift */; };
		C1EF95AA2841DE2B00F22146 /* FollowVC.swift in Sources */ = {isa = PBXBuildFile; fileRef = C1EF95A92841DE2B00F22146 /* FollowVC.swift */; };
		C1EF95AC2841DE4700F22146 /* DiscoveryVC.swift in Sources */ = {isa = PBXBuildFile; fileRef = C1EF95AB2841DE4700F22146 /* DiscoveryVC.swift */; };
		C1EF95AE2841DE7B00F22146 /* NearbyVC.swift in Sources */ = {isa = PBXBuildFile; fileRef = C1EF95AD2841DE7B00F22146 /* NearbyVC.swift */; };
		C1EF95B02841E13B00F22146 /* Constants.swift in Sources */ = {isa = PBXBuildFile; fileRef = C1EF95AF2841E13B00F22146 /* Constants.swift */; };
		C1EF95B228422D7B00F22146 /* WaterfallVC.swift in Sources */ = {isa = PBXBuildFile; fileRef = C1EF95B128422D7B00F22146 /* WaterfallVC.swift */; };
		C1EF95B42842627400F22146 /* WaterfallCell.swift in Sources */ = {isa = PBXBuildFile; fileRef = C1EF95B32842627400F22146 /* WaterfallCell.swift */; };
/* End PBXBuildFile section */

/* Begin PBXFileReference section */
		0791E065F44C0782B021E297 /* Pods-LittlePink.debug.xcconfig */ = {isa = PBXFileReference; includeInIndex = 1; lastKnownFileType = text.xcconfig; name = "Pods-LittlePink.debug.xcconfig"; path = "Target Support Files/Pods-LittlePink/Pods-LittlePink.debug.xcconfig"; sourceTree = "<group>"; };
		4C7259AAA53BD6CE435A6413 /* Pods-LittlePink.release.xcconfig */ = {isa = PBXFileReference; includeInIndex = 1; lastKnownFileType = text.xcconfig; name = "Pods-LittlePink.release.xcconfig"; path = "Target Support Files/Pods-LittlePink/Pods-LittlePink.release.xcconfig"; sourceTree = "<group>"; };
		B0EEFCA19980574F82880E49 /* Pods_LittlePink.framework */ = {isa = PBXFileReference; explicitFileType = wrapper.framework; includeInIndex = 0; path = Pods_LittlePink.framework; sourceTree = BUILT_PRODUCTS_DIR; };
		C1511DE1284086CF00ED985F /* LittlePink.app */ = {isa = PBXFileReference; explicitFileType = wrapper.application; includeInIndex = 0; path = LittlePink.app; sourceTree = BUILT_PRODUCTS_DIR; };
		C1511DE4284086CF00ED985F /* AppDelegate.swift */ = {isa = PBXFileReference; lastKnownFileType = sourcecode.swift; path = AppDelegate.swift; sourceTree = "<group>"; };
		C1511DE6284086CF00ED985F /* SceneDelegate.swift */ = {isa = PBXFileReference; lastKnownFileType = sourcecode.swift; path = SceneDelegate.swift; sourceTree = "<group>"; };
		C1511DEB284086CF00ED985F /* Base */ = {isa = PBXFileReference; lastKnownFileType = file.storyboard; name = Base; path = Base.lproj/Main.storyboard; sourceTree = "<group>"; };
		C1511DEE284086CF00ED985F /* LittlePink.xcdatamodel */ = {isa = PBXFileReference; lastKnownFileType = wrapper.xcdatamodel; path = LittlePink.xcdatamodel; sourceTree = "<group>"; };
		C1511DF0284086D000ED985F /* Assets.xcassets */ = {isa = PBXFileReference; lastKnownFileType = folder.assetcatalog; path = Assets.xcassets; sourceTree = "<group>"; };
		C1511DF3284086D000ED985F /* Base */ = {isa = PBXFileReference; lastKnownFileType = file.storyboard; name = Base; path = Base.lproj/LaunchScreen.storyboard; sourceTree = "<group>"; };
		C1511DF5284086D000ED985F /* Info.plist */ = {isa = PBXFileReference; lastKnownFileType = text.plist.xml; path = Info.plist; sourceTree = "<group>"; };
		C1EF95A62841C87800F22146 /* HomeVC.swift */ = {isa = PBXFileReference; lastKnownFileType = sourcecode.swift; path = HomeVC.swift; sourceTree = "<group>"; };
		C1EF95A92841DE2B00F22146 /* FollowVC.swift */ = {isa = PBXFileReference; lastKnownFileType = sourcecode.swift; path = FollowVC.swift; sourceTree = "<group>"; };
		C1EF95AB2841DE4700F22146 /* DiscoveryVC.swift */ = {isa = PBXFileReference; lastKnownFileType = sourcecode.swift; path = DiscoveryVC.swift; sourceTree = "<group>"; };
		C1EF95AD2841DE7B00F22146 /* NearbyVC.swift */ = {isa = PBXFileReference; lastKnownFileType = sourcecode.swift; path = NearbyVC.swift; sourceTree = "<group>"; };
		C1EF95AF2841E13B00F22146 /* Constants.swift */ = {isa = PBXFileReference; lastKnownFileType = sourcecode.swift; path = Constants.swift; sourceTree = "<group>"; };
		C1EF95B128422D7B00F22146 /* WaterfallVC.swift */ = {isa = PBXFileReference; lastKnownFileType = sourcecode.swift; path = WaterfallVC.swift; sourceTree = "<group>"; };
		C1EF95B32842627400F22146 /* WaterfallCell.swift */ = {isa = PBXFileReference; lastKnownFileType = sourcecode.swift; path = WaterfallCell.swift; sourceTree = "<group>"; };
/* End PBXFileReference section */

/* Begin PBXFrameworksBuildPhase section */
		C1511DDE284086CF00ED985F /* Frameworks */ = {
			isa = PBXFrameworksBuildPhase;
			buildActionMask = 2147483647;
			files = (
				8CD0B570225737EB037F5412 /* Pods_LittlePink.framework in Frameworks */,
			);
			runOnlyForDeploymentPostprocessing = 0;
		};
/* End PBXFrameworksBuildPhase section */

/* Begin PBXGroup section */
		0B7AACBE39EB1CF756A82011 /* Frameworks */ = {
			isa = PBXGroup;
			children = (
				B0EEFCA19980574F82880E49 /* Pods_LittlePink.framework */,
			);
			name = Frameworks;
			sourceTree = "<group>";
		};
		86FB8159E0C654B874F6A47D /* Pods */ = {
			isa = PBXGroup;
			children = (
				0791E065F44C0782B021E297 /* Pods-LittlePink.debug.xcconfig */,
				4C7259AAA53BD6CE435A6413 /* Pods-LittlePink.release.xcconfig */,
			);
			path = Pods;
			sourceTree = "<group>";
		};
		C1511DD8284086CF00ED985F = {
			isa = PBXGroup;
			children = (
				C1511DE3284086CF00ED985F /* LittlePink */,
				C1511DE2284086CF00ED985F /* Products */,
				86FB8159E0C654B874F6A47D /* Pods */,
				0B7AACBE39EB1CF756A82011 /* Frameworks */,
			);
			sourceTree = "<group>";
		};
		C1511DE2284086CF00ED985F /* Products */ = {
			isa = PBXGroup;
			children = (
				C1511DE1284086CF00ED985F /* LittlePink.app */,
			);
			name = Products;
			sourceTree = "<group>";
		};
		C1511DE3284086CF00ED985F /* LittlePink */ = {
			isa = PBXGroup;
			children = (
				C1511DE4284086CF00ED985F /* AppDelegate.swift */,
				C1511DE6284086CF00ED985F /* SceneDelegate.swift */,
				C1EF95A82841C8D000F22146 /* ViewController */,
				C1511DEA284086CF00ED985F /* Main.storyboard */,
				C1511DF0284086D000ED985F /* Assets.xcassets */,
				C1511DF2284086D000ED985F /* LaunchScreen.storyboard */,
				C1511DF5284086D000ED985F /* Info.plist */,
				C1511DED284086CF00ED985F /* LittlePink.xcdatamodeld */,
				C1EF95AF2841E13B00F22146 /* Constants.swift */,
			);
			path = LittlePink;
			sourceTree = "<group>";
		};
		C1EF95A82841C8D000F22146 /* ViewController */ = {
			isa = PBXGroup;
			children = (
				C1EF95A62841C87800F22146 /* HomeVC.swift */,
				C1EF95AB2841DE4700F22146 /* DiscoveryVC.swift */,
				C1EF95A92841DE2B00F22146 /* FollowVC.swift */,
				C1EF95AD2841DE7B00F22146 /* NearbyVC.swift */,
				C1EF95B128422D7B00F22146 /* WaterfallVC.swift */,
				C1EF95B32842627400F22146 /* WaterfallCell.swift */,
			);
			path = ViewController;
			sourceTree = "<group>";
		};
/* End PBXGroup section */

/* Begin PBXNativeTarget section */
		C1511DE0284086CF00ED985F /* LittlePink */ = {
			isa = PBXNativeTarget;
			buildConfigurationList = C1511DF8284086D000ED985F /* Build configuration list for PBXNativeTarget "LittlePink" */;
			buildPhases = (
				BF322749F7B66DA1E5F51983 /* [CP] Check Pods Manifest.lock */,
				C1511DDD284086CF00ED985F /* Sources */,
				C1511DDE284086CF00ED985F /* Frameworks */,
				C1511DDF284086CF00ED985F /* Resources */,
				A360B572A4D76D06D94E0F48 /* [CP] Embed Pods Frameworks */,
			);
			buildRules = (
			);
			dependencies = (
			);
			name = LittlePink;
			productName = LittlePink;
			productReference = C1511DE1284086CF00ED985F /* LittlePink.app */;
			productType = "com.apple.product-type.application";
		};
/* End PBXNativeTarget section */

/* Begin PBXProject section */
		C1511DD9284086CF00ED985F /* Project object */ = {
			isa = PBXProject;
			attributes = {
				BuildIndependentTargetsInParallel = 1;
				LastSwiftUpdateCheck = 1340;
				LastUpgradeCheck = 1340;
				TargetAttributes = {
					C1511DE0284086CF00ED985F = {
						CreatedOnToolsVersion = 13.4;
					};
				};
			};
			buildConfigurationList = C1511DDC284086CF00ED985F /* Build configuration list for PBXProject "LittlePink" */;
			compatibilityVersion = "Xcode 13.0";
			developmentRegion = en;
			hasScannedForEncodings = 0;
			knownRegions = (
				en,
				Base,
			);
			mainGroup = C1511DD8284086CF00ED985F;
			productRefGroup = C1511DE2284086CF00ED985F /* Products */;
			projectDirPath = "";
			projectRoot = "";
			targets = (
				C1511DE0284086CF00ED985F /* LittlePink */,
			);
		};
/* End PBXProject section */

/* Begin PBXResourcesBuildPhase section */
		C1511DDF284086CF00ED985F /* Resources */ = {
			isa = PBXResourcesBuildPhase;
			buildActionMask = 2147483647;
			files = (
				C1511DF4284086D000ED985F /* LaunchScreen.storyboard in Resources */,
				C1511DF1284086D000ED985F /* Assets.xcassets in Resources */,
				C1511DEC284086CF00ED985F /* Main.storyboard in Resources */,
			);
			runOnlyForDeploymentPostprocessing = 0;
		};
/* End PBXResourcesBuildPhase section */

/* Begin PBXShellScriptBuildPhase section */
		A360B572A4D76D06D94E0F48 /* [CP] Embed Pods Frameworks */ = {
			isa = PBXShellScriptBuildPhase;
			buildActionMask = 2147483647;
			files = (
			);
			inputFileListPaths = (
				"${PODS_ROOT}/Target Support Files/Pods-LittlePink/Pods-LittlePink-frameworks-${CONFIGURATION}-input-files.xcfilelist",
			);
			name = "[CP] Embed Pods Frameworks";
			outputFileListPaths = (
				"${PODS_ROOT}/Target Support Files/Pods-LittlePink/Pods-LittlePink-frameworks-${CONFIGURATION}-output-files.xcfilelist",
			);
			runOnlyForDeploymentPostprocessing = 0;
			shellPath = /bin/sh;
			shellScript = "\"${PODS_ROOT}/Target Support Files/Pods-LittlePink/Pods-LittlePink-frameworks.sh\"\n";
			showEnvVarsInLog = 0;
		};
		BF322749F7B66DA1E5F51983 /* [CP] Check Pods Manifest.lock */ = {
			isa = PBXShellScriptBuildPhase;
			buildActionMask = 2147483647;
			files = (
			);
			inputFileListPaths = (
			);
			inputPaths = (
				"${PODS_PODFILE_DIR_PATH}/Podfile.lock",
				"${PODS_ROOT}/Manifest.lock",
			);
			name = "[CP] Check Pods Manifest.lock";
			outputFileListPaths = (
			);
			outputPaths = (
				"$(DERIVED_FILE_DIR)/Pods-LittlePink-checkManifestLockResult.txt",
			);
			runOnlyForDeploymentPostprocessing = 0;
			shellPath = /bin/sh;
			shellScript = "diff \"${PODS_PODFILE_DIR_PATH}/Podfile.lock\" \"${PODS_ROOT}/Manifest.lock\" > /dev/null\nif [ $? != 0 ] ; then\n    # print error to STDERR\n    echo \"error: The sandbox is not in sync with the Podfile.lock. Run 'pod install' or update your CocoaPods installation.\" >&2\n    exit 1\nfi\n# This output is used by Xcode 'outputs' to avoid re-running this script phase.\necho \"SUCCESS\" > \"${SCRIPT_OUTPUT_FILE_0}\"\n";
			showEnvVarsInLog = 0;
		};
/* End PBXShellScriptBuildPhase section */

/* Begin PBXSourcesBuildPhase section */
		C1511DDD284086CF00ED985F /* Sources */ = {
			isa = PBXSourcesBuildPhase;
			buildActionMask = 2147483647;
			files = (
				C1EF95A72841C87800F22146 /* HomeVC.swift in Sources */,
				C1EF95B228422D7B00F22146 /* WaterfallVC.swift in Sources */,
				C1EF95B42842627400F22146 /* WaterfallCell.swift in Sources */,
				C1511DE5284086CF00ED985F /* AppDelegate.swift in Sources */,
				C1EF95AA2841DE2B00F22146 /* FollowVC.swift in Sources */,
				C1511DE7284086CF00ED985F /* SceneDelegate.swift in Sources */,
				C1511DEF284086CF00ED985F /* LittlePink.xcdatamodeld in Sources */,
				C1EF95AC2841DE4700F22146 /* DiscoveryVC.swift in Sources */,
				C1EF95AE2841DE7B00F22146 /* NearbyVC.swift in Sources */,
				C1EF95B02841E13B00F22146 /* Constants.swift in Sources */,
			);
			runOnlyForDeploymentPostprocessing = 0;
		};
/* End PBXSourcesBuildPhase section */

/* Begin PBXVariantGroup section */
		C1511DEA284086CF00ED985F /* Main.storyboard */ = {
			isa = PBXVariantGroup;
			children = (
				C1511DEB284086CF00ED985F /* Base */,
			);
			name = Main.storyboard;
			sourceTree = "<group>";
		};
		C1511DF2284086D000ED985F /* LaunchScreen.storyboard */ = {
			isa = PBXVariantGroup;
			children = (
				C1511DF3284086D000ED985F /* Base */,
			);
			name = LaunchScreen.storyboard;
			sourceTree = "<group>";
		};
/* End PBXVariantGroup section */

/* Begin XCBuildConfiguration section */
		C1511DF6284086D000ED985F /* Debug */ = {
			isa = XCBuildConfiguration;
			buildSettings = {
				ALWAYS_SEARCH_USER_PATHS = NO;
				CLANG_ANALYZER_NONNULL = YES;
				CLANG_ANALYZER_NUMBER_OBJECT_CONVERSION = YES_AGGRESSIVE;
				CLANG_CXX_LANGUAGE_STANDARD = "gnu++17";
				CLANG_ENABLE_MODULES = YES;
				CLANG_ENABLE_OBJC_ARC = YES;
				CLANG_ENABLE_OBJC_WEAK = YES;
				CLANG_WARN_BLOCK_CAPTURE_AUTORELEASING = YES;
				CLANG_WARN_BOOL_CONVERSION = YES;
				CLANG_WARN_COMMA = YES;
				CLANG_WARN_CONSTANT_CONVERSION = YES;
				CLANG_WARN_DEPRECATED_OBJC_IMPLEMENTATIONS = YES;
				CLANG_WARN_DIRECT_OBJC_ISA_USAGE = YES_ERROR;
				CLANG_WARN_DOCUMENTATION_COMMENTS = YES;
				CLANG_WARN_EMPTY_BODY = YES;
				CLANG_WARN_ENUM_CONVERSION = YES;
				CLANG_WARN_INFINITE_RECURSION = YES;
				CLANG_WARN_INT_CONVERSION = YES;
				CLANG_WARN_NON_LITERAL_NULL_CONVERSION = YES;
				CLANG_WARN_OBJC_IMPLICIT_RETAIN_SELF = YES;
				CLANG_WARN_OBJC_LITERAL_CONVERSION = YES;
				CLANG_WARN_OBJC_ROOT_CLASS = YES_ERROR;
				CLANG_WARN_QUOTED_INCLUDE_IN_FRAMEWORK_HEADER = YES;
				CLANG_WARN_RANGE_LOOP_ANALYSIS = YES;
				CLANG_WARN_STRICT_PROTOTYPES = YES;
				CLANG_WARN_SUSPICIOUS_MOVE = YES;
				CLANG_WARN_UNGUARDED_AVAILABILITY = YES_AGGRESSIVE;
				CLANG_WARN_UNREACHABLE_CODE = YES;
				CLANG_WARN__DUPLICATE_METHOD_MATCH = YES;
				COPY_PHASE_STRIP = NO;
				DEBUG_INFORMATION_FORMAT = dwarf;
				ENABLE_STRICT_OBJC_MSGSEND = YES;
				ENABLE_TESTABILITY = YES;
				GCC_C_LANGUAGE_STANDARD = gnu11;
				GCC_DYNAMIC_NO_PIC = NO;
				GCC_NO_COMMON_BLOCKS = YES;
				GCC_OPTIMIZATION_LEVEL = 0;
				GCC_PREPROCESSOR_DEFINITIONS = (
					"DEBUG=1",
					"$(inherited)",
				);
				GCC_WARN_64_TO_32_BIT_CONVERSION = YES;
				GCC_WARN_ABOUT_RETURN_TYPE = YES_ERROR;
				GCC_WARN_UNDECLARED_SELECTOR = YES;
				GCC_WARN_UNINITIALIZED_AUTOS = YES_AGGRESSIVE;
				GCC_WARN_UNUSED_FUNCTION = YES;
				GCC_WARN_UNUSED_VARIABLE = YES;
				IPHONEOS_DEPLOYMENT_TARGET = 15.5;
				MTL_ENABLE_DEBUG_INFO = INCLUDE_SOURCE;
				MTL_FAST_MATH = YES;
				ONLY_ACTIVE_ARCH = YES;
				SDKROOT = iphoneos;
				SWIFT_ACTIVE_COMPILATION_CONDITIONS = DEBUG;
				SWIFT_OPTIMIZATION_LEVEL = "-Onone";
			};
			name = Debug;
		};
		C1511DF7284086D000ED985F /* Release */ = {
			isa = XCBuildConfiguration;
			buildSettings = {
				ALWAYS_SEARCH_USER_PATHS = NO;
				CLANG_ANALYZER_NONNULL = YES;
				CLANG_ANALYZER_NUMBER_OBJECT_CONVERSION = YES_AGGRESSIVE;
				CLANG_CXX_LANGUAGE_STANDARD = "gnu++17";
				CLANG_ENABLE_MODULES = YES;
				CLANG_ENABLE_OBJC_ARC = YES;
				CLANG_ENABLE_OBJC_WEAK = YES;
				CLANG_WARN_BLOCK_CAPTURE_AUTORELEASING = YES;
				CLANG_WARN_BOOL_CONVERSION = YES;
				CLANG_WARN_COMMA = YES;
				CLANG_WARN_CONSTANT_CONVERSION = YES;
				CLANG_WARN_DEPRECATED_OBJC_IMPLEMENTATIONS = YES;
				CLANG_WARN_DIRECT_OBJC_ISA_USAGE = YES_ERROR;
				CLANG_WARN_DOCUMENTATION_COMMENTS = YES;
				CLANG_WARN_EMPTY_BODY = YES;
				CLANG_WARN_ENUM_CONVERSION = YES;
				CLANG_WARN_INFINITE_RECURSION = YES;
				CLANG_WARN_INT_CONVERSION = YES;
				CLANG_WARN_NON_LITERAL_NULL_CONVERSION = YES;
				CLANG_WARN_OBJC_IMPLICIT_RETAIN_SELF = YES;
				CLANG_WARN_OBJC_LITERAL_CONVERSION = YES;
				CLANG_WARN_OBJC_ROOT_CLASS = YES_ERROR;
				CLANG_WARN_QUOTED_INCLUDE_IN_FRAMEWORK_HEADER = YES;
				CLANG_WARN_RANGE_LOOP_ANALYSIS = YES;
				CLANG_WARN_STRICT_PROTOTYPES = YES;
				CLANG_WARN_SUSPICIOUS_MOVE = YES;
				CLANG_WARN_UNGUARDED_AVAILABILITY = YES_AGGRESSIVE;
				CLANG_WARN_UNREACHABLE_CODE = YES;
				CLANG_WARN__DUPLICATE_METHOD_MATCH = YES;
				COPY_PHASE_STRIP = NO;
				DEBUG_INFORMATION_FORMAT = "dwarf-with-dsym";
				ENABLE_NS_ASSERTIONS = NO;
				ENABLE_STRICT_OBJC_MSGSEND = YES;
				GCC_C_LANGUAGE_STANDARD = gnu11;
				GCC_NO_COMMON_BLOCKS = YES;
				GCC_WARN_64_TO_32_BIT_CONVERSION = YES;
				GCC_WARN_ABOUT_RETURN_TYPE = YES_ERROR;
				GCC_WARN_UNDECLARED_SELECTOR = YES;
				GCC_WARN_UNINITIALIZED_AUTOS = YES_AGGRESSIVE;
				GCC_WARN_UNUSED_FUNCTION = YES;
				GCC_WARN_UNUSED_VARIABLE = YES;
				IPHONEOS_DEPLOYMENT_TARGET = 15.5;
				MTL_ENABLE_DEBUG_INFO = NO;
				MTL_FAST_MATH = YES;
				SDKROOT = iphoneos;
				SWIFT_COMPILATION_MODE = wholemodule;
				SWIFT_OPTIMIZATION_LEVEL = "-O";
				VALIDATE_PRODUCT = YES;
			};
			name = Release;
		};
		C1511DF9284086D000ED985F /* Debug */ = {
			isa = XCBuildConfiguration;
			baseConfigurationReference = 0791E065F44C0782B021E297 /* Pods-LittlePink.debug.xcconfig */;
			buildSettings = {
				ASSETCATALOG_COMPILER_APPICON_NAME = AppIcon;
				ASSETCATALOG_COMPILER_GLOBAL_ACCENT_COLOR_NAME = AccentColor;
				CODE_SIGN_STYLE = Automatic;
				CURRENT_PROJECT_VERSION = 1;
				DEVELOPMENT_TEAM = ZW38677EE9;
				GENERATE_INFOPLIST_FILE = YES;
				INFOPLIST_FILE = LittlePink/Info.plist;
				INFOPLIST_KEY_UIApplicationSupportsIndirectInputEvents = YES;
				INFOPLIST_KEY_UILaunchStoryboardName = LaunchScreen;
				INFOPLIST_KEY_UIMainStoryboardFile = Main;
				INFOPLIST_KEY_UISupportedInterfaceOrientations = UIInterfaceOrientationPortrait;
				INFOPLIST_KEY_UISupportedInterfaceOrientations_iPad = "UIInterfaceOrientationPortrait UIInterfaceOrientationPortraitUpsideDown UIInterfaceOrientationLandscapeLeft UIInterfaceOrientationLandscapeRight";
				INFOPLIST_KEY_UISupportedInterfaceOrientations_iPhone = "UIInterfaceOrientationPortrait UIInterfaceOrientationLandscapeLeft UIInterfaceOrientationLandscapeRight";
				IPHONEOS_DEPLOYMENT_TARGET = 15.0;
				LD_RUNPATH_SEARCH_PATHS = (
					"$(inherited)",
					"@executable_path/Frameworks",
				);
				MARKETING_VERSION = 1.0;
				PRODUCT_BUNDLE_IDENTIFIER = WENBOHU.LittlePink;
				PRODUCT_NAME = "$(TARGET_NAME)";
				SWIFT_EMIT_LOC_STRINGS = YES;
				SWIFT_VERSION = 5.0;
				TARGETED_DEVICE_FAMILY = 1;
			};
			name = Debug;
		};
		C1511DFA284086D000ED985F /* Release */ = {
			isa = XCBuildConfiguration;
			baseConfigurationReference = 4C7259AAA53BD6CE435A6413 /* Pods-LittlePink.release.xcconfig */;
			buildSettings = {
				ASSETCATALOG_COMPILER_APPICON_NAME = AppIcon;
				ASSETCATALOG_COMPILER_GLOBAL_ACCENT_COLOR_NAME = AccentColor;
				CODE_SIGN_STYLE = Automatic;
				CURRENT_PROJECT_VERSION = 1;
				DEVELOPMENT_TEAM = ZW38677EE9;
				GENERATE_INFOPLIST_FILE = YES;
				INFOPLIST_FILE = LittlePink/Info.plist;
				INFOPLIST_KEY_UIApplicationSupportsIndirectInputEvents = YES;
				INFOPLIST_KEY_UILaunchStoryboardName = LaunchScreen;
				INFOPLIST_KEY_UIMainStoryboardFile = Main;
				INFOPLIST_KEY_UISupportedInterfaceOrientations = UIInterfaceOrientationPortrait;
				INFOPLIST_KEY_UISupportedInterfaceOrientations_iPad = "UIInterfaceOrientationPortrait UIInterfaceOrientationPortraitUpsideDown UIInterfaceOrientationLandscapeLeft UIInterfaceOrientationLandscapeRight";
				INFOPLIST_KEY_UISupportedInterfaceOrientations_iPhone = "UIInterfaceOrientationPortrait UIInterfaceOrientationLandscapeLeft UIInterfaceOrientationLandscapeRight";
				IPHONEOS_DEPLOYMENT_TARGET = 15.0;
				LD_RUNPATH_SEARCH_PATHS = (
					"$(inherited)",
					"@executable_path/Frameworks",
				);
				MARKETING_VERSION = 1.0;
				PRODUCT_BUNDLE_IDENTIFIER = WENBOHU.LittlePink;
				PRODUCT_NAME = "$(TARGET_NAME)";
				SWIFT_EMIT_LOC_STRINGS = YES;
				SWIFT_VERSION = 5.0;
				TARGETED_DEVICE_FAMILY = 1;
			};
			name = Release;
		};
/* End XCBuildConfiguration section */

/* Begin XCConfigurationList section */
		C1511DDC284086CF00ED985F /* Build configuration list for PBXProject "LittlePink" */ = {
			isa = XCConfigurationList;
			buildConfigurations = (
				C1511DF6284086D000ED985F /* Debug */,
				C1511DF7284086D000ED985F /* Release */,
			);
			defaultConfigurationIsVisible = 0;
			defaultConfigurationName = Release;
		};
		C1511DF8284086D000ED985F /* Build configuration list for PBXNativeTarget "LittlePink" */ = {
			isa = XCConfigurationList;
			buildConfigurations = (
				C1511DF9284086D000ED985F /* Debug */,
				C1511DFA284086D000ED985F /* Release */,
			);
			defaultConfigurationIsVisible = 0;
			defaultConfigurationName = Release;
		};
/* End XCConfigurationList section */

/* Begin XCVersionGroup section */
		C1511DED284086CF00ED985F /* LittlePink.xcdatamodeld */ = {
			isa = XCVersionGroup;
			children = (
				C1511DEE284086CF00ED985F /* LittlePink.xcdatamodel */,
			);
			currentVersion = C1511DEE284086CF00ED985F /* LittlePink.xcdatamodel */;
			path = LittlePink.xcdatamodeld;
			sourceTree = "<group>";
			versionGroupType = wrapper.xcdatamodel;
		};
/* End XCVersionGroup section */
	};
	rootObject = C1511DD9284086CF00ED985F /* Project object */;
}
